
Microsoft Visual Studio Solution File, Format Version 12.00
# Visual Studio Version 17
VisualStudioVersion = 17.14.36401.2 d17.14
MinimumVisualStudioVersion = 10.0.40219.1
Project("{FAE04EC0-301F-11D3-BF4B-00C04F79EFBC}") = "FlaUI.PoC", "FlaUI.PoC\FlaUI.PoC.csproj", "{B5F45DBE-2CF7-454B-AC30-96E43C31607A}"
EndProject
Global
	GlobalSection(SolutionConfigurationPlatforms) = preSolution
		Debug|Any CPU = Debug|Any CPU
		Release|Any CPU = Release|Any CPU
	EndGlobalSection
	GlobalSection(ProjectConfigurationPlatforms) = postSolution
		{B5F45DBE-2CF7-454B-AC30-96E43C31607A}.Debug|Any CPU.ActiveCfg = Debug|Any CPU
		{B5F45DBE-2CF7-454B-AC30-96E43C31607A}.Debug|Any CPU.Build.0 = Debug|Any CPU
		{B5F45DBE-2CF7-454B-AC30-96E43C31607A}.Release|Any CPU.ActiveCfg = Release|Any CPU
		{B5F45DBE-2CF7-454B-AC30-96E43C31607A}.Release|Any CPU.Build.0 = Release|Any CPU
	EndGlobalSection
	GlobalSection(SolutionProperties) = preSolution
		HideSolutionNode = FALSE
	EndGlobalSection
	GlobalSection(ExtensibilityGlobals) = postSolution
		SolutionGuid = {0B0AF751-4271-49B5-BA5E-7F877DBBE027}
	EndGlobalSection
EndGlobal
